// !$*UTF8*$!
{
	archiveVersion = 1;
	classes = {
	};
	objectVersion = 55;
	objects = {

/* Begin PBXBuildFile section */
		A72E2D642BFD94DD00446D9D /* AppDelegate.swift in Sources */ = {isa = PBXBuildFile; fileRef = A72E2D632BFD94DD00446D9D /* AppDelegate.swift */; };
		A72E2D662BFD94DD00446D9D /* SceneDelegate.swift in Sources */ = {isa = PBXBuildFile; fileRef = A72E2D652BFD94DD00446D9D /* SceneDelegate.swift */; };
		A72E2D682BFD94DD00446D9D /* ViewController.swift in Sources */ = {isa = PBXBuildFile; fileRef = A72E2D672BFD94DD00446D9D /* ViewController.swift */; };
		A72E2D6B2BFD94DD00446D9D /* Main.storyboard in Resources */ = {isa = PBXBuildFile; fileRef = A72E2D692BFD94DD00446D9D /* Main.storyboard */; };
		A72E2D6E2BFD94DD00446D9D /* SoundBoard.xcdatamodeld in Sources */ = {isa = PBXBuildFile; fileRef = A72E2D6C2BFD94DD00446D9D /* SoundBoard.xcdatamodeld */; };
		A72E2D702BFD94DF00446D9D /* Assets.xcassets in Resources */ = {isa = PBXBuildFile; fileRef = A72E2D6F2BFD94DF00446D9D /* Assets.xcassets */; };
		A72E2D732BFD94DF00446D9D /* LaunchScreen.storyboard in Resources */ = {isa = PBXBuildFile; fileRef = A72E2D712BFD94DF00446D9D /* LaunchScreen.storyboard */; };
		A72E2D7B2BFDA4E800446D9D /* SoundViewController.swift in Sources */ = {isa = PBXBuildFile; fileRef = A72E2D7A2BFDA4E800446D9D /* SoundViewController.swift */; };
/* End PBXBuildFile section */

/* Begin PBXFileReference section */
		A72E2D602BFD94DD00446D9D /* SoundBoard.app */ = {isa = PBXFileReference; explicitFileType = wrapper.application; includeInIndex = 0; path = SoundBoard.app; sourceTree = BUILT_PRODUCTS_DIR; };
		A72E2D632BFD94DD00446D9D /* AppDelegate.swift */ = {isa = PBXFileReference; lastKnownFileType = sourcecode.swift; path = AppDelegate.swift; sourceTree = "<group>"; };
		A72E2D652BFD94DD00446D9D /* SceneDelegate.swift */ = {isa = PBXFileReference; lastKnownFileType = sourcecode.swift; path = SceneDelegate.swift; sourceTree = "<group>"; };
		A72E2D672BFD94DD00446D9D /* ViewController.swift */ = {isa = PBXFileReference; lastKnownFileType = sourcecode.swift; path = ViewController.swift; sourceTree = "<group>"; };
		A72E2D6A2BFD94DD00446D9D /* Base */ = {isa = PBXFileReference; lastKnownFileType = file.storyboard; name = Base; path = Base.lproj/Main.storyboard; sourceTree = "<group>"; };
		A72E2D6D2BFD94DD00446D9D /* SoundBoard.xcdatamodel */ = {isa = PBXFileReference; lastKnownFileType = wrapper.xcdatamodel; path = SoundBoard.xcdatamodel; sourceTree = "<group>"; };
		A72E2D6F2BFD94DF00446D9D /* Assets.xcassets */ = {isa = PBXFileReference; lastKnownFileType = folder.assetcatalog; path = Assets.xcassets; sourceTree = "<group>"; };
		A72E2D722BFD94DF00446D9D /* Base */ = {isa = PBXFileReference; lastKnownFileType = file.storyboard; name = Base; path = Base.lproj/LaunchScreen.storyboard; sourceTree = "<group>"; };
		A72E2D742BFD94DF00446D9D /* Info.plist */ = {isa = PBXFileReference; lastKnownFileType = text.plist.xml; path = Info.plist; sourceTree = "<group>"; };
		A72E2D7A2BFDA4E800446D9D /* SoundViewController.swift */ = {isa = PBXFileReference; lastKnownFileType = sourcecode.swift; path = SoundViewController.swift; sourceTree = "<group>"; };
/* End PBXFileReference section */

/* Begin PBXFrameworksBuildPhase section */
		A72E2D5D2BFD94DD00446D9D /* Frameworks */ = {
			isa = PBXFrameworksBuildPhase;
			buildActionMask = 2147483647;
			files = (
			);
			runOnlyForDeploymentPostprocessing = 0;
		};
/* End PBXFrameworksBuildPhase section */

/* Begin PBXGroup section */
		A72E2D572BFD94DD00446D9D = {
			isa = PBXGroup;
			children = (
				A72E2D622BFD94DD00446D9D /* SoundBoard */,
				A72E2D612BFD94DD00446D9D /* Products */,
			);
			sourceTree = "<group>";
		};
		A72E2D612BFD94DD00446D9D /* Products */ = {
			isa = PBXGroup;
			children = (
				A72E2D602BFD94DD00446D9D /* SoundBoard.app */,
			);
			name = Products;
			sourceTree = "<group>";
		};
		A72E2D622BFD94DD00446D9D /* SoundBoard */ = {
			isa = PBXGroup;
			children = (
				A72E2D632BFD94DD00446D9D /* AppDelegate.swift */,
				A72E2D652BFD94DD00446D9D /* SceneDelegate.swift */,
				A72E2D672BFD94DD00446D9D /* ViewController.swift */,
				A72E2D692BFD94DD00446D9D /* Main.storyboard */,
				A72E2D7A2BFDA4E800446D9D /* SoundViewController.swift */,
				A72E2D6F2BFD94DF00446D9D /* Assets.xcassets */,
				A72E2D712BFD94DF00446D9D /* LaunchScreen.storyboard */,
				A72E2D742BFD94DF00446D9D /* Info.plist */,
				A72E2D6C2BFD94DD00446D9D /* SoundBoard.xcdatamodeld */,
			);
			path = SoundBoard;
			sourceTree = "<group>";
		};
/* End PBXGroup section */

/* Begin PBXNativeTarget section */
		A72E2D5F2BFD94DD00446D9D /* SoundBoard */ = {
			isa = PBXNativeTarget;
			buildConfigurationList = A72E2D772BFD94DF00446D9D /* Build configuration list for PBXNativeTarget "SoundBoard" */;
			buildPhases = (
				A72E2D5C2BFD94DD00446D9D /* Sources */,
				A72E2D5D2BFD94DD00446D9D /* Frameworks */,
				A72E2D5E2BFD94DD00446D9D /* Resources */,
			);
			buildRules = (
			);
			dependencies = (
			);
			name = SoundBoard;
			productName = SoundBoard;
			productReference = A72E2D602BFD94DD00446D9D /* SoundBoard.app */;
			productType = "com.apple.product-type.application";
		};
/* End PBXNativeTarget section */

/* Begin PBXProject section */
		A72E2D582BFD94DD00446D9D /* Project object */ = {
			isa = PBXProject;
			attributes = {
				BuildIndependentTargetsInParallel = 1;
				LastSwiftUpdateCheck = 1410;
				LastUpgradeCheck = 1410;
				TargetAttributes = {
					A72E2D5F2BFD94DD00446D9D = {
						CreatedOnToolsVersion = 14.1;
					};
				};
			};
			buildConfigurationList = A72E2D5B2BFD94DD00446D9D /* Build configuration list for PBXProject "SoundBoard" */;
			compatibilityVersion = "Xcode 13.0";
			developmentRegion = en;
			hasScannedForEncodings = 0;
			knownRegions = (
				en,
				Base,
			);
			mainGroup = A72E2D572BFD94DD00446D9D;
			productRefGroup = A72E2D612BFD94DD00446D9D /* Products */;
			projectDirPath = "";
			projectRoot = "";
			targets = (
				A72E2D5F2BFD94DD00446D9D /* SoundBoard */,
			);
		};
/* End PBXProject section */

/* Begin PBXResourcesBuildPhase section */
		A72E2D5E2BFD94DD00446D9D /* Resources */ = {
			isa = PBXResourcesBuildPhase;
			buildActionMask = 2147483647;
			files = (
				A72E2D732BFD94DF00446D9D /* LaunchScreen.storyboard in Resources */,
				A72E2D702BFD94DF00446D9D /* Assets.xcassets in Resources */,
				A72E2D6B2BFD94DD00446D9D /* Main.storyboard in Resources */,
			);
			runOnlyForDeploymentPostprocessing = 0;
		};
/* End PBXResourcesBuildPhase section */

/* Begin PBXSourcesBuildPhase section */
		A72E2D5C2BFD94DD00446D9D /* Sources */ = {
			isa = PBXSourcesBuildPhase;
			buildActionMask = 2147483647;
			files = (
				A72E2D6E2BFD94DD00446D9D /* SoundBoard.xcdatamodeld in Sources */,
				A72E2D682BFD94DD00446D9D /* ViewController.swift in Sources */,
				A72E2D642BFD94DD00446D9D /* AppDelegate.swift in Sources */,
				A72E2D662BFD94DD00446D9D /* SceneDelegate.swift in Sources */,
				A72E2D7B2BFDA4E800446D9D /* SoundViewController.swift in Sources */,
			);
			runOnlyForDeploymentPostprocessing = 0;
		};
/* End PBXSourcesBuildPhase section */

/* Begin PBXVariantGroup section */
		A72E2D692BFD94DD00446D9D /* Main.storyboard */ = {
			isa = PBXVariantGroup;
			children = (
				A72E2D6A2BFD94DD00446D9D /* Base */,
			);
			name = Main.storyboard;
			sourceTree = "<group>";
		};
		A72E2D712BFD94DF00446D9D /* LaunchScreen.storyboard */ = {
			isa = PBXVariantGroup;
			children = (
				A72E2D722BFD94DF00446D9D /* Base */,
			);
			name = LaunchScreen.storyboard;
			sourceTree = "<group>";
		};
/* End PBXVariantGroup section */

/* Begin XCBuildConfiguration section */
		A72E2D752BFD94DF00446D9D /* Debug */ = {
			isa = XCBuildConfiguration;
			buildSettings = {
				ALWAYS_SEARCH_USER_PATHS = NO;
				CLANG_ANALYZER_NONNULL = YES;
				CLANG_ANALYZER_NUMBER_OBJECT_CONVERSION = YES_AGGRESSIVE;
				CLANG_CXX_LANGUAGE_STANDARD = "gnu++20";
				CLANG_ENABLE_MODULES = YES;
				CLANG_ENABLE_OBJC_ARC = YES;
				CLANG_ENABLE_OBJC_WEAK = YES;
				CLANG_WARN_BLOCK_CAPTURE_AUTORELEASING = YES;
				CLANG_WARN_BOOL_CONVERSION = YES;
				CLANG_WARN_COMMA = YES;
				CLANG_WARN_CONSTANT_CONVERSION = YES;
				CLANG_WARN_DEPRECATED_OBJC_IMPLEMENTATIONS = YES;
				CLANG_WARN_DIRECT_OBJC_ISA_USAGE = YES_ERROR;
				CLANG_WARN_DOCUMENTATION_COMMENTS = YES;
				CLANG_WARN_EMPTY_BODY = YES;
				CLANG_WARN_ENUM_CONVERSION = YES;
				CLANG_WARN_INFINITE_RECURSION = YES;
				CLANG_WARN_INT_CONVERSION = YES;
				CLANG_WARN_NON_LITERAL_NULL_CONVERSION = YES;
				CLANG_WARN_OBJC_IMPLICIT_RETAIN_SELF = YES;
				CLANG_WARN_OBJC_LITERAL_CONVERSION = YES;
				CLANG_WARN_OBJC_ROOT_CLASS = YES_ERROR;
				CLANG_WARN_QUOTED_INCLUDE_IN_FRAMEWORK_HEADER = YES;
				CLANG_WARN_RANGE_LOOP_ANALYSIS = YES;
				CLANG_WARN_STRICT_PROTOTYPES = YES;
				CLANG_WARN_SUSPICIOUS_MOVE = YES;
				CLANG_WARN_UNGUARDED_AVAILABILITY = YES_AGGRESSIVE;
				CLANG_WARN_UNREACHABLE_CODE = YES;
				CLANG_WARN__DUPLICATE_METHOD_MATCH = YES;
				COPY_PHASE_STRIP = NO;
				DEBUG_INFORMATION_FORMAT = dwarf;
				ENABLE_STRICT_OBJC_MSGSEND = YES;
				ENABLE_TESTABILITY = YES;
				GCC_C_LANGUAGE_STANDARD = gnu11;
				GCC_DYNAMIC_NO_PIC = NO;
				GCC_NO_COMMON_BLOCKS = YES;
				GCC_OPTIMIZATION_LEVEL = 0;
				GCC_PREPROCESSOR_DEFINITIONS = (
					"DEBUG=1",
					"$(inherited)",
				);
				GCC_WARN_64_TO_32_BIT_CONVERSION = YES;
				GCC_WARN_ABOUT_RETURN_TYPE = YES_ERROR;
				GCC_WARN_UNDECLARED_SELECTOR = YES;
				GCC_WARN_UNINITIALIZED_AUTOS = YES_AGGRESSIVE;
				GCC_WARN_UNUSED_FUNCTION = YES;
				GCC_WARN_UNUSED_VARIABLE = YES;
				IPHONEOS_DEPLOYMENT_TARGET = 16.1;
				MTL_ENABLE_DEBUG_INFO = INCLUDE_SOURCE;
				MTL_FAST_MATH = YES;
				ONLY_ACTIVE_ARCH = YES;
				SDKROOT = iphoneos;
				SWIFT_ACTIVE_COMPILATION_CONDITIONS = DEBUG;
				SWIFT_OPTIMIZATION_LEVEL = "-Onone";
			};
			name = Debug;
		};
		A72E2D762BFD94DF00446D9D /* Release */ = {
			isa = XCBuildConfiguration;
			buildSettings = {
				ALWAYS_SEARCH_USER_PATHS = NO;
				CLANG_ANALYZER_NONNULL = YES;
				CLANG_ANALYZER_NUMBER_OBJECT_CONVERSION = YES_AGGRESSIVE;
				CLANG_CXX_LANGUAGE_STANDARD = "gnu++20";
				CLANG_ENABLE_MODULES = YES;
				CLANG_ENABLE_OBJC_ARC = YES;
				CLANG_ENABLE_OBJC_WEAK = YES;
				CLANG_WARN_BLOCK_CAPTURE_AUTORELEASING = YES;
				CLANG_WARN_BOOL_CONVERSION = YES;
				CLANG_WARN_COMMA = YES;
				CLANG_WARN_CONSTANT_CONVERSION = YES;
				CLANG_WARN_DEPRECATED_OBJC_IMPLEMENTATIONS = YES;
				CLANG_WARN_DIRECT_OBJC_ISA_USAGE = YES_ERROR;
				CLANG_WARN_DOCUMENTATION_COMMENTS = YES;
				CLANG_WARN_EMPTY_BODY = YES;
				CLANG_WARN_ENUM_CONVERSION = YES;
				CLANG_WARN_INFINITE_RECURSION = YES;
				CLANG_WARN_INT_CONVERSION = YES;
				CLANG_WARN_NON_LITERAL_NULL_CONVERSION = YES;
				CLANG_WARN_OBJC_IMPLICIT_RETAIN_SELF = YES;
				CLANG_WARN_OBJC_LITERAL_CONVERSION = YES;
				CLANG_WARN_OBJC_ROOT_CLASS = YES_ERROR;
				CLANG_WARN_QUOTED_INCLUDE_IN_FRAMEWORK_HEADER = YES;
				CLANG_WARN_RANGE_LOOP_ANALYSIS = YES;
				CLANG_WARN_STRICT_PROTOTYPES = YES;
				CLANG_WARN_SUSPICIOUS_MOVE = YES;
				CLANG_WARN_UNGUARDED_AVAILABILITY = YES_AGGRESSIVE;
				CLANG_WARN_UNREACHABLE_CODE = YES;
				CLANG_WARN__DUPLICATE_METHOD_MATCH = YES;
				COPY_PHASE_STRIP = NO;
				DEBUG_INFORMATION_FORMAT = "dwarf-with-dsym";
				ENABLE_NS_ASSERTIONS = NO;
				ENABLE_STRICT_OBJC_MSGSEND = YES;
				GCC_C_LANGUAGE_STANDARD = gnu11;
				GCC_NO_COMMON_BLOCKS = YES;
				GCC_WARN_64_TO_32_BIT_CONVERSION = YES;
				GCC_WARN_ABOUT_RETURN_TYPE = YES_ERROR;
				GCC_WARN_UNDECLARED_SELECTOR = YES;
				GCC_WARN_UNINITIALIZED_AUTOS = YES_AGGRESSIVE;
				GCC_WARN_UNUSED_FUNCTION = YES;
				GCC_WARN_UNUSED_VARIABLE = YES;
				IPHONEOS_DEPLOYMENT_TARGET = 16.1;
				MTL_ENABLE_DEBUG_INFO = NO;
				MTL_FAST_MATH = YES;
				SDKROOT = iphoneos;
				SWIFT_COMPILATION_MODE = wholemodule;
				SWIFT_OPTIMIZATION_LEVEL = "-O";
				VALIDATE_PRODUCT = YES;
			};
			name = Release;
		};
		A72E2D782BFD94DF00446D9D /* Debug */ = {
			isa = XCBuildConfiguration;
			buildSettings = {
				ASSETCATALOG_COMPILER_APPICON_NAME = AppIcon;
				ASSETCATALOG_COMPILER_GLOBAL_ACCENT_COLOR_NAME = AccentColor;
				CODE_SIGN_STYLE = Automatic;
				CURRENT_PROJECT_VERSION = 1;
				GENERATE_INFOPLIST_FILE = YES;
				INFOPLIST_FILE = SoundBoard/Info.plist;
				INFOPLIST_KEY_UIApplicationSupportsIndirectInputEvents = YES;
				INFOPLIST_KEY_UILaunchStoryboardName = LaunchScreen;
				INFOPLIST_KEY_UIMainStoryboardFile = Main;
				INFOPLIST_KEY_UISupportedInterfaceOrientations_iPad = "UIInterfaceOrientationPortrait UIInterfaceOrientationPortraitUpsideDown UIInterfaceOrientationLandscapeLeft UIInterfaceOrientationLandscapeRight";
				INFOPLIST_KEY_UISupportedInterfaceOrientations_iPhone = "UIInterfaceOrientationPortrait UIInterfaceOrientationLandscapeLeft UIInterfaceOrientationLandscapeRight";
				IPHONEOS_DEPLOYMENT_TARGET = 15.4;
				LD_RUNPATH_SEARCH_PATHS = (
					"$(inherited)",
					"@executable_path/Frameworks",
				);
				MARKETING_VERSION = 1.0;
				PRODUCT_BUNDLE_IDENTIFIER = com.miempresa.SoundBoard;
				PRODUCT_NAME = "$(TARGET_NAME)";
				SWIFT_EMIT_LOC_STRINGS = YES;
				SWIFT_VERSION = 5.0;
				TARGETED_DEVICE_FAMILY = "1,2";
			};
			name = Debug;
		};
		A72E2D792BFD94DF00446D9D /* Release */ = {
			isa = XCBuildConfiguration;
			buildSettings = {
				ASSETCATALOG_COMPILER_APPICON_NAME = AppIcon;
				ASSETCATALOG_COMPILER_GLOBAL_ACCENT_COLOR_NAME = AccentColor;
				CODE_SIGN_STYLE = Automatic;
				CURRENT_PROJECT_VERSION = 1;
				GENERATE_INFOPLIST_FILE = YES;
				INFOPLIST_FILE = SoundBoard/Info.plist;
				INFOPLIST_KEY_UIApplicationSupportsIndirectInputEvents = YES;
				INFOPLIST_KEY_UILaunchStoryboardName = LaunchScreen;
				INFOPLIST_KEY_UIMainStoryboardFile = Main;
				INFOPLIST_KEY_UISupportedInterfaceOrientations_iPad = "UIInterfaceOrientationPortrait UIInterfaceOrientationPortraitUpsideDown UIInterfaceOrientationLandscapeLeft UIInterfaceOrientationLandscapeRight";
				INFOPLIST_KEY_UISupportedInterfaceOrientations_iPhone = "UIInterfaceOrientationPortrait UIInterfaceOrientationLandscapeLeft UIInterfaceOrientationLandscapeRight";
				IPHONEOS_DEPLOYMENT_TARGET = 15.4;
				LD_RUNPATH_SEARCH_PATHS = (
					"$(inherited)",
					"@executable_path/Frameworks",
				);
				MARKETING_VERSION = 1.0;
				PRODUCT_BUNDLE_IDENTIFIER = com.miempresa.SoundBoard;
				PRODUCT_NAME = "$(TARGET_NAME)";
				SWIFT_EMIT_LOC_STRINGS = YES;
				SWIFT_VERSION = 5.0;
				TARGETED_DEVICE_FAMILY = "1,2";
			};
			name = Release;
		};
/* End XCBuildConfiguration section */

/* Begin XCConfigurationList section */
		A72E2D5B2BFD94DD00446D9D /* Build configuration list for PBXProject "SoundBoard" */ = {
			isa = XCConfigurationList;
			buildConfigurations = (
				A72E2D752BFD94DF00446D9D /* Debug */,
				A72E2D762BFD94DF00446D9D /* Release */,
			);
			defaultConfigurationIsVisible = 0;
			defaultConfigurationName = Release;
		};
		A72E2D772BFD94DF00446D9D /* Build configuration list for PBXNativeTarget "SoundBoard" */ = {
			isa = XCConfigurationList;
			buildConfigurations = (
				A72E2D782BFD94DF00446D9D /* Debug */,
				A72E2D792BFD94DF00446D9D /* Release */,
			);
			defaultConfigurationIsVisible = 0;
			defaultConfigurationName = Release;
		};
/* End XCConfigurationList section */

/* Begin XCVersionGroup section */
		A72E2D6C2BFD94DD00446D9D /* SoundBoard.xcdatamodeld */ = {
			isa = XCVersionGroup;
			children = (
				A72E2D6D2BFD94DD00446D9D /* SoundBoard.xcdatamodel */,
			);
			currentVersion = A72E2D6D2BFD94DD00446D9D /* SoundBoard.xcdatamodel */;
			path = SoundBoard.xcdatamodeld;
			sourceTree = "<group>";
			versionGroupType = wrapper.xcdatamodel;
		};
/* End XCVersionGroup section */
	};
	rootObject = A72E2D582BFD94DD00446D9D /* Project object */;
}
